
Microsoft Visual Studio Solution File, Format Version 12.00
# Visual Studio Version 16
VisualStudioVersion = 16.0.32428.217
MinimumVisualStudioVersion = 10.0.40219.1
Project("{FAE04EC0-301F-11D3-BF4B-00C04F79EFBC}") = "Spektrix", "Spektrix\Spektrix.csproj", "{C408569D-3336-4939-B95F-77067EFBCFAC}"
EndProject
Project("{FAE04EC0-301F-11D3-BF4B-00C04F79EFBC}") = "Spektrix.Tests", "Spektrix.Tests\Spektrix.Tests.csproj", "{D514125A-C83A-424E-983E-9AEAE31E6F5B}"
EndProject
Global
	GlobalSection(SolutionConfigurationPlatforms) = preSolution
		Debug|Any CPU = Debug|Any CPU
		Release|Any CPU = Release|Any CPU
	EndGlobalSection
	GlobalSection(ProjectConfigurationPlatforms) = postSolution
		{C408569D-3336-4939-B95F-77067EFBCFAC}.Debug|Any CPU.ActiveCfg = Debug|Any CPU
		{C408569D-3336-4939-B95F-77067EFBCFAC}.Debug|Any CPU.Build.0 = Debug|Any CPU
		{C408569D-3336-4939-B95F-77067EFBCFAC}.Release|Any CPU.ActiveCfg = Release|Any CPU
		{C408569D-3336-4939-B95F-77067EFBCFAC}.Release|Any CPU.Build.0 = Release|Any CPU
		{D514125A-C83A-424E-983E-9AEAE31E6F5B}.Debug|Any CPU.ActiveCfg = Debug|Any CPU
		{D514125A-C83A-424E-983E-9AEAE31E6F5B}.Debug|Any CPU.Build.0 = Debug|Any CPU
		{D514125A-C83A-424E-983E-9AEAE31E6F5B}.Release|Any CPU.ActiveCfg = Release|Any CPU
		{D514125A-C83A-424E-983E-9AEAE31E6F5B}.Release|Any CPU.Build.0 = Release|Any CPU
	EndGlobalSection
	GlobalSection(SolutionProperties) = preSolution
		HideSolutionNode = FALSE
	EndGlobalSection
	GlobalSection(ExtensibilityGlobals) = postSolution
		SolutionGuid = {BBF53D73-DCF3-4E29-B5AA-1C47B024507C}
	EndGlobalSection
EndGlobal
